
Microsoft Visual Studio Solution File, Format Version 12.00
# Visual Studio Version 16
VisualStudioVersion = 16.0.30309.148
MinimumVisualStudioVersion = 10.0.40219.1
Project("{2150E333-8FDC-42A3-9474-1A3956D46DE8}") = "Cardapio", "Cardapio", "{D8E6A913-1577-4A2D-A455-CBE470EC3848}"
EndProject
Project("{2150E333-8FDC-42A3-9474-1A3956D46DE8}") = "Pedido", "Pedido", "{5950F640-41D2-421A-A24F-8460C2A3B217}"
EndProject
Project("{2150E333-8FDC-42A3-9474-1A3956D46DE8}") = "PedidoApp", "PedidoApp", "{02A2CA6F-58D6-4270-850A-C53F41B39FFC}"
EndProject
Project("{2150E333-8FDC-42A3-9474-1A3956D46DE8}") = "Cadastro", "Cadastro", "{4A2E48A3-DA35-4EE7-988E-A3DEDBDAE1E2}"
EndProject
Project("{2150E333-8FDC-42A3-9474-1A3956D46DE8}") = "WebApps", "WebApps", "{80099993-1157-481D-A014-36BF2CBDC412}"
EndProject
Global
	GlobalSection(SolutionProperties) = preSolution
		HideSolutionNode = FALSE
	EndGlobalSection
	GlobalSection(ExtensibilityGlobals) = postSolution
		SolutionGuid = {48A29530-8C68-40A9-A9DA-A13D1D052E38}
	EndGlobalSection
EndGlobal
